
Microsoft Visual Studio Solution File, Format Version 12.00
# Visual Studio Version 16
VisualStudioVersion = 16.0.30517.126
MinimumVisualStudioVersion = 10.0.40219.1
Project("{FAE04EC0-301F-11D3-BF4B-00C04F79EFBC}") = "RndNumberGAME", "RndNumberGAME\RndNumberGAME.csproj", "{0FCC70B9-C05B-4408-8753-52345003CBEF}"
EndProject
Global
	GlobalSection(SolutionConfigurationPlatforms) = preSolution
		Debug|Any CPU = Debug|Any CPU
		Release|Any CPU = Release|Any CPU
	EndGlobalSection
	GlobalSection(ProjectConfigurationPlatforms) = postSolution
		{0FCC70B9-C05B-4408-8753-52345003CBEF}.Debug|Any CPU.ActiveCfg = Debug|Any CPU
		{0FCC70B9-C05B-4408-8753-52345003CBEF}.Debug|Any CPU.Build.0 = Debug|Any CPU
		{0FCC70B9-C05B-4408-8753-52345003CBEF}.Release|Any CPU.ActiveCfg = Release|Any CPU
		{0FCC70B9-C05B-4408-8753-52345003CBEF}.Release|Any CPU.Build.0 = Release|Any CPU
	EndGlobalSection
	GlobalSection(SolutionProperties) = preSolution
		HideSolutionNode = FALSE
	EndGlobalSection
	GlobalSection(ExtensibilityGlobals) = postSolution
		SolutionGuid = {BDB4780C-1386-4BA0-80A2-869F5EE19C42}
	EndGlobalSection
EndGlobal
